
Microsoft Visual Studio Solution File, Format Version 12.00
# Visual Studio Version 17
VisualStudioVersion = 17.3.32929.385
MinimumVisualStudioVersion = 10.0.40219.1
Project("{2150E333-8FDC-42A3-9474-1A3956D46DE8}") = "src", "src", "{8655331C-AD85-4789-992A-A27126C13D5F}"
EndProject
Project("{2150E333-8FDC-42A3-9474-1A3956D46DE8}") = "0 - Presentation", "0 - Presentation", "{F0203C92-96A8-429E-BEA7-609BAF406F83}"
EndProject
Project("{9A19103F-16F7-4668-BE54-9A1E7A4F7556}") = "ApiWeb.Api", "ApiWeb.Api\ApiWeb.Api.csproj", "{BC6B8BE8-DC35-4892-B8E4-350D156C90D0}"
EndProject
Project("{2150E333-8FDC-42A3-9474-1A3956D46DE8}") = "1 - Domain", "1 - Domain", "{7D243448-387A-4AC0-8805-9D3D19E44EFE}"
EndProject
Project("{9A19103F-16F7-4668-BE54-9A1E7A4F7556}") = "ApiWeb.Domain", "ApiWeb.Domain\ApiWeb.Domain.csproj", "{68E3C9F8-14AD-4F14-BEE3-96E825D6A387}"
EndProject
Project("{2150E333-8FDC-42A3-9474-1A3956D46DE8}") = "3 - Infra", "3 - Infra", "{18EAED38-6669-493F-AE70-324176938BD9}"
EndProject
Project("{2150E333-8FDC-42A3-9474-1A3956D46DE8}") = "3.1 - Data", "3.1 - Data", "{3A43062C-5B3F-459E-8553-E93F6045EDE2}"
EndProject
Project("{9A19103F-16F7-4668-BE54-9A1E7A4F7556}") = "ApiWeb.Infra.Data", "ApiWeb.Infra.Data\ApiWeb.Infra.Data.csproj", "{44869B90-D590-47BC-B307-30117C64E164}"
EndProject
Project("{2150E333-8FDC-42A3-9474-1A3956D46DE8}") = "3.2 - CrossCutting", "3.2 - CrossCutting", "{3256481A-897E-44D7-8B86-936AD45F2A3B}"
EndProject
Project("{9A19103F-16F7-4668-BE54-9A1E7A4F7556}") = "ApiWeb.Infra.CrossCutting.IoC", "ApiWeb.Infra.CrossCutting.IoC\ApiWeb.Infra.CrossCutting.IoC.csproj", "{BC03A2A3-9BB9-4152-9AD8-E893C597A5B3}"
EndProject
Project("{2150E333-8FDC-42A3-9474-1A3956D46DE8}") = "2 - Application", "2 - Application", "{9D8A99B4-4A9D-4EBD-BB18-D31A2F655450}"
EndProject
Project("{9A19103F-16F7-4668-BE54-9A1E7A4F7556}") = "ApiWeb.Application", "ApiWeb.Application\ApiWeb.Application.csproj", "{9E61BD42-B1C3-4D1A-8676-CCC03D974A54}"
EndProject
Project("{2150E333-8FDC-42A3-9474-1A3956D46DE8}") = "Itens de Solução", "Itens de Solução", "{3EC8C834-04F1-4ECB-82D3-0CBA3B844C74}"
	ProjectSection(SolutionItems) = preProject
		Dockerfile.txt = Dockerfile.txt
	EndProjectSection
EndProject
Global
	GlobalSection(SolutionConfigurationPlatforms) = preSolution
		Debug|Any CPU = Debug|Any CPU
		Release|Any CPU = Release|Any CPU
	EndGlobalSection
	GlobalSection(ProjectConfigurationPlatforms) = postSolution
		{BC6B8BE8-DC35-4892-B8E4-350D156C90D0}.Debug|Any CPU.ActiveCfg = Debug|Any CPU
		{BC6B8BE8-DC35-4892-B8E4-350D156C90D0}.Debug|Any CPU.Build.0 = Debug|Any CPU
		{BC6B8BE8-DC35-4892-B8E4-350D156C90D0}.Release|Any CPU.ActiveCfg = Release|Any CPU
		{BC6B8BE8-DC35-4892-B8E4-350D156C90D0}.Release|Any CPU.Build.0 = Release|Any CPU
		{68E3C9F8-14AD-4F14-BEE3-96E825D6A387}.Debug|Any CPU.ActiveCfg = Debug|Any CPU
		{68E3C9F8-14AD-4F14-BEE3-96E825D6A387}.Debug|Any CPU.Build.0 = Debug|Any CPU
		{68E3C9F8-14AD-4F14-BEE3-96E825D6A387}.Release|Any CPU.ActiveCfg = Release|Any CPU
		{68E3C9F8-14AD-4F14-BEE3-96E825D6A387}.Release|Any CPU.Build.0 = Release|Any CPU
		{44869B90-D590-47BC-B307-30117C64E164}.Debug|Any CPU.ActiveCfg = Debug|Any CPU
		{44869B90-D590-47BC-B307-30117C64E164}.Debug|Any CPU.Build.0 = Debug|Any CPU
		{44869B90-D590-47BC-B307-30117C64E164}.Release|Any CPU.ActiveCfg = Release|Any CPU
		{44869B90-D590-47BC-B307-30117C64E164}.Release|Any CPU.Build.0 = Release|Any CPU
		{BC03A2A3-9BB9-4152-9AD8-E893C597A5B3}.Debug|Any CPU.ActiveCfg = Debug|Any CPU
		{BC03A2A3-9BB9-4152-9AD8-E893C597A5B3}.Debug|Any CPU.Build.0 = Debug|Any CPU
		{BC03A2A3-9BB9-4152-9AD8-E893C597A5B3}.Release|Any CPU.ActiveCfg = Release|Any CPU
		{BC03A2A3-9BB9-4152-9AD8-E893C597A5B3}.Release|Any CPU.Build.0 = Release|Any CPU
		{9E61BD42-B1C3-4D1A-8676-CCC03D974A54}.Debug|Any CPU.ActiveCfg = Debug|Any CPU
		{9E61BD42-B1C3-4D1A-8676-CCC03D974A54}.Debug|Any CPU.Build.0 = Debug|Any CPU
		{9E61BD42-B1C3-4D1A-8676-CCC03D974A54}.Release|Any CPU.ActiveCfg = Release|Any CPU
		{9E61BD42-B1C3-4D1A-8676-CCC03D974A54}.Release|Any CPU.Build.0 = Release|Any CPU
	EndGlobalSection
	GlobalSection(SolutionProperties) = preSolution
		HideSolutionNode = FALSE
	EndGlobalSection
	GlobalSection(NestedProjects) = preSolution
		{F0203C92-96A8-429E-BEA7-609BAF406F83} = {8655331C-AD85-4789-992A-A27126C13D5F}
		{BC6B8BE8-DC35-4892-B8E4-350D156C90D0} = {F0203C92-96A8-429E-BEA7-609BAF406F83}
		{7D243448-387A-4AC0-8805-9D3D19E44EFE} = {8655331C-AD85-4789-992A-A27126C13D5F}
		{68E3C9F8-14AD-4F14-BEE3-96E825D6A387} = {7D243448-387A-4AC0-8805-9D3D19E44EFE}
		{18EAED38-6669-493F-AE70-324176938BD9} = {8655331C-AD85-4789-992A-A27126C13D5F}
		{3A43062C-5B3F-459E-8553-E93F6045EDE2} = {18EAED38-6669-493F-AE70-324176938BD9}
		{44869B90-D590-47BC-B307-30117C64E164} = {3A43062C-5B3F-459E-8553-E93F6045EDE2}
		{3256481A-897E-44D7-8B86-936AD45F2A3B} = {18EAED38-6669-493F-AE70-324176938BD9}
		{BC03A2A3-9BB9-4152-9AD8-E893C597A5B3} = {3256481A-897E-44D7-8B86-936AD45F2A3B}
		{9D8A99B4-4A9D-4EBD-BB18-D31A2F655450} = {8655331C-AD85-4789-992A-A27126C13D5F}
		{9E61BD42-B1C3-4D1A-8676-CCC03D974A54} = {9D8A99B4-4A9D-4EBD-BB18-D31A2F655450}
	EndGlobalSection
	GlobalSection(ExtensibilityGlobals) = postSolution
		SolutionGuid = {66AE0ED6-C778-4125-87D5-7662EFF52D32}
	EndGlobalSection
EndGlobal
